
Microsoft Visual Studio Solution File, Format Version 12.00
# Visual Studio 15
VisualStudioVersion = 15.0.27703.2026
MinimumVisualStudioVersion = 10.0.40219.1
Project("{FAE04EC0-301F-11D3-BF4B-00C04F79EFBC}") = "TwitchLib.Examples.WPF", "TwitchLib.Examples.WPF\TwitchLib.Examples.WPF.csproj", "{5F91D8B4-258B-46F5-B736-2068D834FB23}"
EndProject
Global
	GlobalSection(SolutionConfigurationPlatforms) = preSolution
		Debug|Any CPU = Debug|Any CPU
		Release|Any CPU = Release|Any CPU
	EndGlobalSection
	GlobalSection(ProjectConfigurationPlatforms) = postSolution
		{5F91D8B4-258B-46F5-B736-2068D834FB23}.Debug|Any CPU.ActiveCfg = Debug|Any CPU
		{5F91D8B4-258B-46F5-B736-2068D834FB23}.Debug|Any CPU.Build.0 = Debug|Any CPU
		{5F91D8B4-258B-46F5-B736-2068D834FB23}.Release|Any CPU.ActiveCfg = Release|Any CPU
		{5F91D8B4-258B-46F5-B736-2068D834FB23}.Release|Any CPU.Build.0 = Release|Any CPU
	EndGlobalSection
	GlobalSection(SolutionProperties) = preSolution
		HideSolutionNode = FALSE
	EndGlobalSection
	GlobalSection(ExtensibilityGlobals) = postSolution
		SolutionGuid = {4DF55497-AC43-4B8E-8C46-340E9B3BA28F}
	EndGlobalSection
EndGlobal
